// !$*UTF8*$!
{
	archiveVersion = 1;
	classes = {
	};
	objectVersion = 55;
	objects = {

/* Begin PBXBuildFile section */
		8B5BA3DF27F1B1FB0036D182 /* RotatedBadgeSymbol.swift in Sources */ = {isa = PBXBuildFile; fileRef = 8B5BA3DE27F1B1FB0036D182 /* RotatedBadgeSymbol.swift */; };
		8B5BA3E127F1B29C0036D182 /* Badge.swift in Sources */ = {isa = PBXBuildFile; fileRef = 8B5BA3E027F1B29C0036D182 /* Badge.swift */; };
		8B5BA3E527F1B5830036D182 /* hikeData.json in Resources */ = {isa = PBXBuildFile; fileRef = 8B5BA3E427F1B5830036D182 /* hikeData.json */; };
		8B5BA3E927F1B5A20036D182 /* Hike.swift in Sources */ = {isa = PBXBuildFile; fileRef = 8B5BA3E827F1B5A20036D182 /* Hike.swift */; };
		8B5BA3EF27F1B6AE0036D182 /* GraphCapsule.swift in Sources */ = {isa = PBXBuildFile; fileRef = 8B5BA3EB27F1B6AE0036D182 /* GraphCapsule.swift */; };
		8B5BA3F027F1B6AE0036D182 /* HikeGraph.swift in Sources */ = {isa = PBXBuildFile; fileRef = 8B5BA3EC27F1B6AE0036D182 /* HikeGraph.swift */; };
		8B5BA3F127F1B6AE0036D182 /* HikeDetail.swift in Sources */ = {isa = PBXBuildFile; fileRef = 8B5BA3ED27F1B6AE0036D182 /* HikeDetail.swift */; };
		8B5BA3F227F1B6AE0036D182 /* HikeView.swift in Sources */ = {isa = PBXBuildFile; fileRef = 8B5BA3EE27F1B6AE0036D182 /* HikeView.swift */; };
		8B5BA3F427F1F18A0036D182 /* CategoryHome.swift in Sources */ = {isa = PBXBuildFile; fileRef = 8B5BA3F327F1F18A0036D182 /* CategoryHome.swift */; };
		8B5BA3F527F1F29E0036D182 /* CategoryHome.swift in Sources */ = {isa = PBXBuildFile; fileRef = 8B5BA3F327F1F18A0036D182 /* CategoryHome.swift */; };
		8B5F71E627EDEABE0094D3CA /* Tests_iOS.swift in Sources */ = {isa = PBXBuildFile; fileRef = 8B5F71E527EDEABE0094D3CA /* Tests_iOS.swift */; };
		8B5F71E827EDEABE0094D3CA /* Tests_iOSLaunchTests.swift in Sources */ = {isa = PBXBuildFile; fileRef = 8B5F71E727EDEABE0094D3CA /* Tests_iOSLaunchTests.swift */; };
		8B5F71F227EDEABE0094D3CA /* Tests_macOS.swift in Sources */ = {isa = PBXBuildFile; fileRef = 8B5F71F127EDEABE0094D3CA /* Tests_macOS.swift */; };
		8B5F71F427EDEABE0094D3CA /* Tests_macOSLaunchTests.swift in Sources */ = {isa = PBXBuildFile; fileRef = 8B5F71F327EDEABE0094D3CA /* Tests_macOSLaunchTests.swift */; };
		8B5F71F527EDEABE0094D3CA /* LandmarksApp.swift in Sources */ = {isa = PBXBuildFile; fileRef = 8B5F71CD27EDEABC0094D3CA /* LandmarksApp.swift */; };
		8B5F71F627EDEABE0094D3CA /* LandmarksApp.swift in Sources */ = {isa = PBXBuildFile; fileRef = 8B5F71CD27EDEABC0094D3CA /* LandmarksApp.swift */; };
		8B5F71F727EDEABE0094D3CA /* ContentView.swift in Sources */ = {isa = PBXBuildFile; fileRef = 8B5F71CE27EDEABC0094D3CA /* ContentView.swift */; };
		8B5F71F827EDEABE0094D3CA /* ContentView.swift in Sources */ = {isa = PBXBuildFile; fileRef = 8B5F71CE27EDEABC0094D3CA /* ContentView.swift */; };
		8B5F71F927EDEABE0094D3CA /* Assets.xcassets in Resources */ = {isa = PBXBuildFile; fileRef = 8B5F71CF27EDEABE0094D3CA /* Assets.xcassets */; };
		8B5F71FA27EDEABE0094D3CA /* Assets.xcassets in Resources */ = {isa = PBXBuildFile; fileRef = 8B5F71CF27EDEABE0094D3CA /* Assets.xcassets */; };
		8B5F720A27EDECE40094D3CA /* CircleImage.swift in Sources */ = {isa = PBXBuildFile; fileRef = 8B5F720927EDECE40094D3CA /* CircleImage.swift */; };
		8B5F720B27EDECE40094D3CA /* CircleImage.swift in Sources */ = {isa = PBXBuildFile; fileRef = 8B5F720927EDECE40094D3CA /* CircleImage.swift */; };
		8B5F720D27EDED600094D3CA /* MapView.swift in Sources */ = {isa = PBXBuildFile; fileRef = 8B5F720C27EDED600094D3CA /* MapView.swift */; };
		8B5F720E27EDED600094D3CA /* MapView.swift in Sources */ = {isa = PBXBuildFile; fileRef = 8B5F720C27EDED600094D3CA /* MapView.swift */; };
		8B5F721027EDEF440094D3CA /* landmarkData.json in Resources */ = {isa = PBXBuildFile; fileRef = 8B5F720F27EDEF440094D3CA /* landmarkData.json */; };
		8B5F721127EDEF440094D3CA /* landmarkData.json in Resources */ = {isa = PBXBuildFile; fileRef = 8B5F720F27EDEF440094D3CA /* landmarkData.json */; };
		8B5F721627EDEF920094D3CA /* Landmark.swift in Sources */ = {isa = PBXBuildFile; fileRef = 8B5F721527EDEF920094D3CA /* Landmark.swift */; };
		8B5F721727EDEF920094D3CA /* Landmark.swift in Sources */ = {isa = PBXBuildFile; fileRef = 8B5F721527EDEF920094D3CA /* Landmark.swift */; };
		8B5F721927EDF0B60094D3CA /* ModelData.swift in Sources */ = {isa = PBXBuildFile; fileRef = 8B5F721827EDF0B60094D3CA /* ModelData.swift */; };
		8B5F721A27EDF0B60094D3CA /* ModelData.swift in Sources */ = {isa = PBXBuildFile; fileRef = 8B5F721827EDF0B60094D3CA /* ModelData.swift */; };
		8B5F721F27EDF3080094D3CA /* LandmarkRow.swift in Sources */ = {isa = PBXBuildFile; fileRef = 8B5F721E27EDF3080094D3CA /* LandmarkRow.swift */; };
		8B5F722027EDF3080094D3CA /* LandmarkRow.swift in Sources */ = {isa = PBXBuildFile; fileRef = 8B5F721E27EDF3080094D3CA /* LandmarkRow.swift */; };
		8B5F722227EDF4D30094D3CA /* LandmarkList.swift in Sources */ = {isa = PBXBuildFile; fileRef = 8B5F722127EDF4D30094D3CA /* LandmarkList.swift */; };
		8B5F722327EDF4D30094D3CA /* LandmarkList.swift in Sources */ = {isa = PBXBuildFile; fileRef = 8B5F722127EDF4D30094D3CA /* LandmarkList.swift */; };
		8B5F722527EDF5F80094D3CA /* LandmarkDetail.swift in Sources */ = {isa = PBXBuildFile; fileRef = 8B5F722427EDF5F80094D3CA /* LandmarkDetail.swift */; };
		8B5F722627EDF5F80094D3CA /* LandmarkDetail.swift in Sources */ = {isa = PBXBuildFile; fileRef = 8B5F722427EDF5F80094D3CA /* LandmarkDetail.swift */; };
		8B5F722B27EF6C8B0094D3CA /* FavoriteButton.swift in Sources */ = {isa = PBXBuildFile; fileRef = 8B5F722A27EF6C8B0094D3CA /* FavoriteButton.swift */; };
		8B5F722C27EF6C8B0094D3CA /* FavoriteButton.swift in Sources */ = {isa = PBXBuildFile; fileRef = 8B5F722A27EF6C8B0094D3CA /* FavoriteButton.swift */; };
		8B5F723027F1A5FC0094D3CA /* HexagonParameters.swift in Sources */ = {isa = PBXBuildFile; fileRef = 8B5F722F27F1A5FC0094D3CA /* HexagonParameters.swift */; };
		8B5F723227F1A7CD0094D3CA /* BadgeBackground.swift in Sources */ = {isa = PBXBuildFile; fileRef = 8B5F723127F1A7CD0094D3CA /* BadgeBackground.swift */; };
		8B5F723427F1AD9D0094D3CA /* BadgeSymbol.swift in Sources */ = {isa = PBXBuildFile; fileRef = 8B5F723327F1AD9D0094D3CA /* BadgeSymbol.swift */; };
/* End PBXBuildFile section */

/* Begin PBXContainerItemProxy section */
		8B5F71E227EDEABE0094D3CA /* PBXContainerItemProxy */ = {
			isa = PBXContainerItemProxy;
			containerPortal = 8B5F71C827EDEABC0094D3CA /* Project object */;
			proxyType = 1;
			remoteGlobalIDString = 8B5F71D327EDEABE0094D3CA;
			remoteInfo = "Landmarks (iOS)";
		};
		8B5F71EE27EDEABE0094D3CA /* PBXContainerItemProxy */ = {
			isa = PBXContainerItemProxy;
			containerPortal = 8B5F71C827EDEABC0094D3CA /* Project object */;
			proxyType = 1;
			remoteGlobalIDString = 8B5F71D927EDEABE0094D3CA;
			remoteInfo = "Landmarks (macOS)";
		};
/* End PBXContainerItemProxy section */

/* Begin PBXFileReference section */
		8B5BA3DE27F1B1FB0036D182 /* RotatedBadgeSymbol.swift */ = {isa = PBXFileReference; lastKnownFileType = sourcecode.swift; path = RotatedBadgeSymbol.swift; sourceTree = "<group>"; };
		8B5BA3E027F1B29C0036D182 /* Badge.swift */ = {isa = PBXFileReference; lastKnownFileType = sourcecode.swift; path = Badge.swift; sourceTree = "<group>"; };
		8B5BA3E427F1B5830036D182 /* hikeData.json */ = {isa = PBXFileReference; fileEncoding = 4; lastKnownFileType = text.json; path = hikeData.json; sourceTree = "<group>"; };
		8B5BA3E827F1B5A20036D182 /* Hike.swift */ = {isa = PBXFileReference; lastKnownFileType = sourcecode.swift; path = Hike.swift; sourceTree = "<group>"; };
		8B5BA3EB27F1B6AE0036D182 /* GraphCapsule.swift */ = {isa = PBXFileReference; fileEncoding = 4; lastKnownFileType = sourcecode.swift; path = GraphCapsule.swift; sourceTree = "<group>"; };
		8B5BA3EC27F1B6AE0036D182 /* HikeGraph.swift */ = {isa = PBXFileReference; fileEncoding = 4; lastKnownFileType = sourcecode.swift; path = HikeGraph.swift; sourceTree = "<group>"; };
		8B5BA3ED27F1B6AE0036D182 /* HikeDetail.swift */ = {isa = PBXFileReference; fileEncoding = 4; lastKnownFileType = sourcecode.swift; path = HikeDetail.swift; sourceTree = "<group>"; };
		8B5BA3EE27F1B6AE0036D182 /* HikeView.swift */ = {isa = PBXFileReference; fileEncoding = 4; lastKnownFileType = sourcecode.swift; path = HikeView.swift; sourceTree = "<group>"; };
		8B5BA3F327F1F18A0036D182 /* CategoryHome.swift */ = {isa = PBXFileReference; lastKnownFileType = sourcecode.swift; path = CategoryHome.swift; sourceTree = "<group>"; };
		8B5F71CD27EDEABC0094D3CA /* LandmarksApp.swift */ = {isa = PBXFileReference; lastKnownFileType = sourcecode.swift; path = LandmarksApp.swift; sourceTree = "<group>"; };
		8B5F71CE27EDEABC0094D3CA /* ContentView.swift */ = {isa = PBXFileReference; lastKnownFileType = sourcecode.swift; path = ContentView.swift; sourceTree = "<group>"; };
		8B5F71CF27EDEABE0094D3CA /* Assets.xcassets */ = {isa = PBXFileReference; lastKnownFileType = folder.assetcatalog; path = Assets.xcassets; sourceTree = "<group>"; };
		8B5F71D427EDEABE0094D3CA /* Landmarks.app */ = {isa = PBXFileReference; explicitFileType = wrapper.application; includeInIndex = 0; path = Landmarks.app; sourceTree = BUILT_PRODUCTS_DIR; };
		8B5F71DA27EDEABE0094D3CA /* Landmarks.app */ = {isa = PBXFileReference; explicitFileType = wrapper.application; includeInIndex = 0; path = Landmarks.app; sourceTree = BUILT_PRODUCTS_DIR; };
		8B5F71DC27EDEABE0094D3CA /* macOS.entitlements */ = {isa = PBXFileReference; lastKnownFileType = text.plist.entitlements; path = macOS.entitlements; sourceTree = "<group>"; };
		8B5F71E127EDEABE0094D3CA /* Tests iOS.xctest */ = {isa = PBXFileReference; explicitFileType = wrapper.cfbundle; includeInIndex = 0; path = "Tests iOS.xctest"; sourceTree = BUILT_PRODUCTS_DIR; };
		8B5F71E527EDEABE0094D3CA /* Tests_iOS.swift */ = {isa = PBXFileReference; lastKnownFileType = sourcecode.swift; path = Tests_iOS.swift; sourceTree = "<group>"; };
		8B5F71E727EDEABE0094D3CA /* Tests_iOSLaunchTests.swift */ = {isa = PBXFileReference; lastKnownFileType = sourcecode.swift; path = Tests_iOSLaunchTests.swift; sourceTree = "<group>"; };
		8B5F71ED27EDEABE0094D3CA /* Tests macOS.xctest */ = {isa = PBXFileReference; explicitFileType = wrapper.cfbundle; includeInIndex = 0; path = "Tests macOS.xctest"; sourceTree = BUILT_PRODUCTS_DIR; };
		8B5F71F127EDEABE0094D3CA /* Tests_macOS.swift */ = {isa = PBXFileReference; lastKnownFileType = sourcecode.swift; path = Tests_macOS.swift; sourceTree = "<group>"; };
		8B5F71F327EDEABE0094D3CA /* Tests_macOSLaunchTests.swift */ = {isa = PBXFileReference; lastKnownFileType = sourcecode.swift; path = Tests_macOSLaunchTests.swift; sourceTree = "<group>"; };
		8B5F720927EDECE40094D3CA /* CircleImage.swift */ = {isa = PBXFileReference; lastKnownFileType = sourcecode.swift; path = CircleImage.swift; sourceTree = "<group>"; };
		8B5F720C27EDED600094D3CA /* MapView.swift */ = {isa = PBXFileReference; lastKnownFileType = sourcecode.swift; path = MapView.swift; sourceTree = "<group>"; };
		8B5F720F27EDEF440094D3CA /* landmarkData.json */ = {isa = PBXFileReference; fileEncoding = 4; lastKnownFileType = text.json; path = landmarkData.json; sourceTree = "<group>"; };
		8B5F721527EDEF920094D3CA /* Landmark.swift */ = {isa = PBXFileReference; lastKnownFileType = sourcecode.swift; path = Landmark.swift; sourceTree = "<group>"; };
		8B5F721827EDF0B60094D3CA /* ModelData.swift */ = {isa = PBXFileReference; lastKnownFileType = sourcecode.swift; path = ModelData.swift; sourceTree = "<group>"; };
		8B5F721E27EDF3080094D3CA /* LandmarkRow.swift */ = {isa = PBXFileReference; lastKnownFileType = sourcecode.swift; path = LandmarkRow.swift; sourceTree = "<group>"; };
		8B5F722127EDF4D30094D3CA /* LandmarkList.swift */ = {isa = PBXFileReference; lastKnownFileType = sourcecode.swift; path = LandmarkList.swift; sourceTree = "<group>"; };
		8B5F722427EDF5F80094D3CA /* LandmarkDetail.swift */ = {isa = PBXFileReference; lastKnownFileType = sourcecode.swift; path = LandmarkDetail.swift; sourceTree = "<group>"; };
		8B5F722A27EF6C8B0094D3CA /* FavoriteButton.swift */ = {isa = PBXFileReference; lastKnownFileType = sourcecode.swift; path = FavoriteButton.swift; sourceTree = "<group>"; };
		8B5F722F27F1A5FC0094D3CA /* HexagonParameters.swift */ = {isa = PBXFileReference; lastKnownFileType = sourcecode.swift; path = HexagonParameters.swift; sourceTree = "<group>"; };
		8B5F723127F1A7CD0094D3CA /* BadgeBackground.swift */ = {isa = PBXFileReference; lastKnownFileType = sourcecode.swift; path = BadgeBackground.swift; sourceTree = "<group>"; };
		8B5F723327F1AD9D0094D3CA /* BadgeSymbol.swift */ = {isa = PBXFileReference; lastKnownFileType = sourcecode.swift; path = BadgeSymbol.swift; sourceTree = "<group>"; };
/* End PBXFileReference section */

/* Begin PBXFrameworksBuildPhase section */
		8B5F71D127EDEABE0094D3CA /* Frameworks */ = {
			isa = PBXFrameworksBuildPhase;
			buildActionMask = 2147483647;
			files = (
			);
			runOnlyForDeploymentPostprocessing = 0;
		};
		8B5F71D727EDEABE0094D3CA /* Frameworks */ = {
			isa = PBXFrameworksBuildPhase;
			buildActionMask = 2147483647;
			files = (
			);
			runOnlyForDeploymentPostprocessing = 0;
		};
		8B5F71DE27EDEABE0094D3CA /* Frameworks */ = {
			isa = PBXFrameworksBuildPhase;
			buildActionMask = 2147483647;
			files = (
			);
			runOnlyForDeploymentPostprocessing = 0;
		};
		8B5F71EA27EDEABE0094D3CA /* Frameworks */ = {
			isa = PBXFrameworksBuildPhase;
			buildActionMask = 2147483647;
			files = (
			);
			runOnlyForDeploymentPostprocessing = 0;
		};
/* End PBXFrameworksBuildPhase section */

/* Begin PBXGroup section */
		8B5BA3E327F1B3F00036D182 /* Badges */ = {
			isa = PBXGroup;
			children = (
				8B5BA3E027F1B29C0036D182 /* Badge.swift */,
				8B5F723127F1A7CD0094D3CA /* BadgeBackground.swift */,
				8B5F723327F1AD9D0094D3CA /* BadgeSymbol.swift */,
				8B5F722F27F1A5FC0094D3CA /* HexagonParameters.swift */,
				8B5BA3DE27F1B1FB0036D182 /* RotatedBadgeSymbol.swift */,
			);
			path = Badges;
			sourceTree = "<group>";
		};
		8B5BA3EA27F1B6AE0036D182 /* Hikes */ = {
			isa = PBXGroup;
			children = (
				8B5BA3EB27F1B6AE0036D182 /* GraphCapsule.swift */,
				8B5BA3EC27F1B6AE0036D182 /* HikeGraph.swift */,
				8B5BA3ED27F1B6AE0036D182 /* HikeDetail.swift */,
				8B5BA3EE27F1B6AE0036D182 /* HikeView.swift */,
			);
			path = Hikes;
			sourceTree = "<group>";
		};
		8B5F71C727EDEABC0094D3CA = {
			isa = PBXGroup;
			children = (
				8B5F71CC27EDEABC0094D3CA /* Shared */,
				8B5F71DB27EDEABE0094D3CA /* macOS */,
				8B5F71E427EDEABE0094D3CA /* Tests iOS */,
				8B5F71F027EDEABE0094D3CA /* Tests macOS */,
				8B5F71D527EDEABE0094D3CA /* Products */,
			);
			sourceTree = "<group>";
		};
		8B5F71CC27EDEABC0094D3CA /* Shared */ = {
			isa = PBXGroup;
			children = (
				8B5F71CD27EDEABC0094D3CA /* LandmarksApp.swift */,
				8B5F721B27EDF2310094D3CA /* Views */,
				8B5F721C27EDF25D0094D3CA /* Model */,
				8B5F721D27EDF2710094D3CA /* Resources */,
				8B5F71CF27EDEABE0094D3CA /* Assets.xcassets */,
			);
			path = Shared;
			sourceTree = "<group>";
		};
		8B5F71D527EDEABE0094D3CA /* Products */ = {
			isa = PBXGroup;
			children = (
				8B5F71D427EDEABE0094D3CA /* Landmarks.app */,
				8B5F71DA27EDEABE0094D3CA /* Landmarks.app */,
				8B5F71E127EDEABE0094D3CA /* Tests iOS.xctest */,
				8B5F71ED27EDEABE0094D3CA /* Tests macOS.xctest */,
			);
			name = Products;
			sourceTree = "<group>";
		};
		8B5F71DB27EDEABE0094D3CA /* macOS */ = {
			isa = PBXGroup;
			children = (
				8B5F71DC27EDEABE0094D3CA /* macOS.entitlements */,
			);
			path = macOS;
			sourceTree = "<group>";
		};
		8B5F71E427EDEABE0094D3CA /* Tests iOS */ = {
			isa = PBXGroup;
			children = (
				8B5F71E527EDEABE0094D3CA /* Tests_iOS.swift */,
				8B5F71E727EDEABE0094D3CA /* Tests_iOSLaunchTests.swift */,
			);
			path = "Tests iOS";
			sourceTree = "<group>";
		};
		8B5F71F027EDEABE0094D3CA /* Tests macOS */ = {
			isa = PBXGroup;
			children = (
				8B5F71F127EDEABE0094D3CA /* Tests_macOS.swift */,
				8B5F71F327EDEABE0094D3CA /* Tests_macOSLaunchTests.swift */,
			);
			path = "Tests macOS";
			sourceTree = "<group>";
		};
		8B5F721B27EDF2310094D3CA /* Views */ = {
			isa = PBXGroup;
			children = (
				8B5BA3F327F1F18A0036D182 /* CategoryHome.swift */,
				8B5BA3E327F1B3F00036D182 /* Badges */,
				8B5BA3EA27F1B6AE0036D182 /* Hikes */,
				8B5F722D27EF6D830094D3CA /* Landmarks */,
				8B5F722E27EF6D9F0094D3CA /* Helpers */,
				8B5F71CE27EDEABC0094D3CA /* ContentView.swift */,
			);
			path = Views;
			sourceTree = "<group>";
		};
		8B5F721C27EDF25D0094D3CA /* Model */ = {
			isa = PBXGroup;
			children = (
				8B5BA3E827F1B5A20036D182 /* Hike.swift */,
				8B5F721827EDF0B60094D3CA /* ModelData.swift */,
				8B5F721527EDEF920094D3CA /* Landmark.swift */,
			);
			path = Model;
			sourceTree = "<group>";
		};
		8B5F721D27EDF2710094D3CA /* Resources */ = {
			isa = PBXGroup;
			children = (
				8B5BA3E427F1B5830036D182 /* hikeData.json */,
				8B5F720F27EDEF440094D3CA /* landmarkData.json */,
			);
			path = Resources;
			sourceTree = "<group>";
		};
		8B5F722D27EF6D830094D3CA /* Landmarks */ = {
			isa = PBXGroup;
			children = (
				8B5F722427EDF5F80094D3CA /* LandmarkDetail.swift */,
				8B5F722127EDF4D30094D3CA /* LandmarkList.swift */,
				8B5F721E27EDF3080094D3CA /* LandmarkRow.swift */,
			);
			path = Landmarks;
			sourceTree = "<group>";
		};
		8B5F722E27EF6D9F0094D3CA /* Helpers */ = {
			isa = PBXGroup;
			children = (
				8B5F720927EDECE40094D3CA /* CircleImage.swift */,
				8B5F722A27EF6C8B0094D3CA /* FavoriteButton.swift */,
				8B5F720C27EDED600094D3CA /* MapView.swift */,
			);
			path = Helpers;
			sourceTree = "<group>";
		};
/* End PBXGroup section */

/* Begin PBXNativeTarget section */
		8B5F71D327EDEABE0094D3CA /* Landmarks (iOS) */ = {
			isa = PBXNativeTarget;
			buildConfigurationList = 8B5F71FD27EDEABE0094D3CA /* Build configuration list for PBXNativeTarget "Landmarks (iOS)" */;
			buildPhases = (
				8B5F71D027EDEABE0094D3CA /* Sources */,
				8B5F71D127EDEABE0094D3CA /* Frameworks */,
				8B5F71D227EDEABE0094D3CA /* Resources */,
			);
			buildRules = (
			);
			dependencies = (
			);
			name = "Landmarks (iOS)";
			productName = "Landmarks (iOS)";
			productReference = 8B5F71D427EDEABE0094D3CA /* Landmarks.app */;
			productType = "com.apple.product-type.application";
		};
		8B5F71D927EDEABE0094D3CA /* Landmarks (macOS) */ = {
			isa = PBXNativeTarget;
			buildConfigurationList = 8B5F720027EDEABE0094D3CA /* Build configuration list for PBXNativeTarget "Landmarks (macOS)" */;
			buildPhases = (
				8B5F71D627EDEABE0094D3CA /* Sources */,
				8B5F71D727EDEABE0094D3CA /* Frameworks */,
				8B5F71D827EDEABE0094D3CA /* Resources */,
			);
			buildRules = (
			);
			dependencies = (
			);
			name = "Landmarks (macOS)";
			productName = "Landmarks (macOS)";
			productReference = 8B5F71DA27EDEABE0094D3CA /* Landmarks.app */;
			productType = "com.apple.product-type.application";
		};
		8B5F71E027EDEABE0094D3CA /* Tests iOS */ = {
			isa = PBXNativeTarget;
			buildConfigurationList = 8B5F720327EDEABE0094D3CA /* Build configuration list for PBXNativeTarget "Tests iOS" */;
			buildPhases = (
				8B5F71DD27EDEABE0094D3CA /* Sources */,
				8B5F71DE27EDEABE0094D3CA /* Frameworks */,
				8B5F71DF27EDEABE0094D3CA /* Resources */,
			);
			buildRules = (
			);
			dependencies = (
				8B5F71E327EDEABE0094D3CA /* PBXTargetDependency */,
			);
			name = "Tests iOS";
			productName = "Tests iOS";
			productReference = 8B5F71E127EDEABE0094D3CA /* Tests iOS.xctest */;
			productType = "com.apple.product-type.bundle.ui-testing";
		};
		8B5F71EC27EDEABE0094D3CA /* Tests macOS */ = {
			isa = PBXNativeTarget;
			buildConfigurationList = 8B5F720627EDEABE0094D3CA /* Build configuration list for PBXNativeTarget "Tests macOS" */;
			buildPhases = (
				8B5F71E927EDEABE0094D3CA /* Sources */,
				8B5F71EA27EDEABE0094D3CA /* Frameworks */,
				8B5F71EB27EDEABE0094D3CA /* Resources */,
			);
			buildRules = (
			);
			dependencies = (
				8B5F71EF27EDEABE0094D3CA /* PBXTargetDependency */,
			);
			name = "Tests macOS";
			productName = "Tests macOS";
			productReference = 8B5F71ED27EDEABE0094D3CA /* Tests macOS.xctest */;
			productType = "com.apple.product-type.bundle.ui-testing";
		};
/* End PBXNativeTarget section */

/* Begin PBXProject section */
		8B5F71C827EDEABC0094D3CA /* Project object */ = {
			isa = PBXProject;
			attributes = {
				BuildIndependentTargetsInParallel = 1;
				LastSwiftUpdateCheck = 1330;
				LastUpgradeCheck = 1330;
				TargetAttributes = {
					8B5F71D327EDEABE0094D3CA = {
						CreatedOnToolsVersion = 13.3;
					};
					8B5F71D927EDEABE0094D3CA = {
						CreatedOnToolsVersion = 13.3;
					};
					8B5F71E027EDEABE0094D3CA = {
						CreatedOnToolsVersion = 13.3;
						TestTargetID = 8B5F71D327EDEABE0094D3CA;
					};
					8B5F71EC27EDEABE0094D3CA = {
						CreatedOnToolsVersion = 13.3;
						TestTargetID = 8B5F71D927EDEABE0094D3CA;
					};
				};
			};
			buildConfigurationList = 8B5F71CB27EDEABC0094D3CA /* Build configuration list for PBXProject "Landmarks" */;
			compatibilityVersion = "Xcode 13.0";
			developmentRegion = en;
			hasScannedForEncodings = 0;
			knownRegions = (
				en,
				Base,
			);
			mainGroup = 8B5F71C727EDEABC0094D3CA;
			productRefGroup = 8B5F71D527EDEABE0094D3CA /* Products */;
			projectDirPath = "";
			projectRoot = "";
			targets = (
				8B5F71D327EDEABE0094D3CA /* Landmarks (iOS) */,
				8B5F71D927EDEABE0094D3CA /* Landmarks (macOS) */,
				8B5F71E027EDEABE0094D3CA /* Tests iOS */,
				8B5F71EC27EDEABE0094D3CA /* Tests macOS */,
			);
		};
/* End PBXProject section */

/* Begin PBXResourcesBuildPhase section */
		8B5F71D227EDEABE0094D3CA /* Resources */ = {
			isa = PBXResourcesBuildPhase;
			buildActionMask = 2147483647;
			files = (
				8B5F71F927EDEABE0094D3CA /* Assets.xcassets in Resources */,
				8B5BA3E527F1B5830036D182 /* hikeData.json in Resources */,
				8B5F721027EDEF440094D3CA /* landmarkData.json in Resources */,
			);
			runOnlyForDeploymentPostprocessing = 0;
		};
		8B5F71D827EDEABE0094D3CA /* Resources */ = {
			isa = PBXResourcesBuildPhase;
			buildActionMask = 2147483647;
			files = (
				8B5F71FA27EDEABE0094D3CA /* Assets.xcassets in Resources */,
				8B5F721127EDEF440094D3CA /* landmarkData.json in Resources */,
			);
			runOnlyForDeploymentPostprocessing = 0;
		};
		8B5F71DF27EDEABE0094D3CA /* Resources */ = {
			isa = PBXResourcesBuildPhase;
			buildActionMask = 2147483647;
			files = (
			);
			runOnlyForDeploymentPostprocessing = 0;
		};
		8B5F71EB27EDEABE0094D3CA /* Resources */ = {
			isa = PBXResourcesBuildPhase;
			buildActionMask = 2147483647;
			files = (
			);
			runOnlyForDeploymentPostprocessing = 0;
		};
/* End PBXResourcesBuildPhase section */

/* Begin PBXSourcesBuildPhase section */
		8B5F71D027EDEABE0094D3CA /* Sources */ = {
			isa = PBXSourcesBuildPhase;
			buildActionMask = 2147483647;
			files = (
				8B5F71F727EDEABE0094D3CA /* ContentView.swift in Sources */,
				8B5BA3F427F1F18A0036D182 /* CategoryHome.swift in Sources */,
				8B5BA3F027F1B6AE0036D182 /* HikeGraph.swift in Sources */,
				8B5BA3E127F1B29C0036D182 /* Badge.swift in Sources */,
				8B5F720D27EDED600094D3CA /* MapView.swift in Sources */,
				8B5BA3EF27F1B6AE0036D182 /* GraphCapsule.swift in Sources */,
				8B5F71F527EDEABE0094D3CA /* LandmarksApp.swift in Sources */,
				8B5F722B27EF6C8B0094D3CA /* FavoriteButton.swift in Sources */,
				8B5BA3F127F1B6AE0036D182 /* HikeDetail.swift in Sources */,
				8B5F723027F1A5FC0094D3CA /* HexagonParameters.swift in Sources */,
				8B5BA3E927F1B5A20036D182 /* Hike.swift in Sources */,
				8B5BA3DF27F1B1FB0036D182 /* RotatedBadgeSymbol.swift in Sources */,
				8B5F723427F1AD9D0094D3CA /* BadgeSymbol.swift in Sources */,
				8B5F722227EDF4D30094D3CA /* LandmarkList.swift in Sources */,
				8B5BA3F227F1B6AE0036D182 /* HikeView.swift in Sources */,
				8B5F722527EDF5F80094D3CA /* LandmarkDetail.swift in Sources */,
				8B5F723227F1A7CD0094D3CA /* BadgeBackground.swift in Sources */,
				8B5F720A27EDECE40094D3CA /* CircleImage.swift in Sources */,
				8B5F721627EDEF920094D3CA /* Landmark.swift in Sources */,
				8B5F721F27EDF3080094D3CA /* LandmarkRow.swift in Sources */,
				8B5F721927EDF0B60094D3CA /* ModelData.swift in Sources */,
			);
			runOnlyForDeploymentPostprocessing = 0;
		};
		8B5F71D627EDEABE0094D3CA /* Sources */ = {
			isa = PBXSourcesBuildPhase;
			buildActionMask = 2147483647;
			files = (
				8B5F71F827EDEABE0094D3CA /* ContentView.swift in Sources */,
				8B5F720E27EDED600094D3CA /* MapView.swift in Sources */,
				8B5F71F627EDEABE0094D3CA /* LandmarksApp.swift in Sources */,
				8B5F722C27EF6C8B0094D3CA /* FavoriteButton.swift in Sources */,
				8B5BA3F527F1F29E0036D182 /* CategoryHome.swift in Sources */,
				8B5F722327EDF4D30094D3CA /* LandmarkList.swift in Sources */,
				8B5F722627EDF5F80094D3CA /* LandmarkDetail.swift in Sources */,
				8B5F720B27EDECE40094D3CA /* CircleImage.swift in Sources */,
				8B5F721727EDEF920094D3CA /* Landmark.swift in Sources */,
				8B5F722027EDF3080094D3CA /* LandmarkRow.swift in Sources */,
				8B5F721A27EDF0B60094D3CA /* ModelData.swift in Sources */,
			);
			runOnlyForDeploymentPostprocessing = 0;
		};
		8B5F71DD27EDEABE0094D3CA /* Sources */ = {
			isa = PBXSourcesBuildPhase;
			buildActionMask = 2147483647;
			files = (
				8B5F71E827EDEABE0094D3CA /* Tests_iOSLaunchTests.swift in Sources */,
				8B5F71E627EDEABE0094D3CA /* Tests_iOS.swift in Sources */,
			);
			runOnlyForDeploymentPostprocessing = 0;
		};
		8B5F71E927EDEABE0094D3CA /* Sources */ = {
			isa = PBXSourcesBuildPhase;
			buildActionMask = 2147483647;
			files = (
				8B5F71F427EDEABE0094D3CA /* Tests_macOSLaunchTests.swift in Sources */,
				8B5F71F227EDEABE0094D3CA /* Tests_macOS.swift in Sources */,
			);
			runOnlyForDeploymentPostprocessing = 0;
		};
/* End PBXSourcesBuildPhase section */

/* Begin PBXTargetDependency section */
		8B5F71E327EDEABE0094D3CA /* PBXTargetDependency */ = {
			isa = PBXTargetDependency;
			target = 8B5F71D327EDEABE0094D3CA /* Landmarks (iOS) */;
			targetProxy = 8B5F71E227EDEABE0094D3CA /* PBXContainerItemProxy */;
		};
		8B5F71EF27EDEABE0094D3CA /* PBXTargetDependency */ = {
			isa = PBXTargetDependency;
			target = 8B5F71D927EDEABE0094D3CA /* Landmarks (macOS) */;
			targetProxy = 8B5F71EE27EDEABE0094D3CA /* PBXContainerItemProxy */;
		};
/* End PBXTargetDependency section */

/* Begin XCBuildConfiguration section */
		8B5F71FB27EDEABE0094D3CA /* Debug */ = {
			isa = XCBuildConfiguration;
			buildSettings = {
				ALWAYS_SEARCH_USER_PATHS = NO;
				CLANG_ANALYZER_NONNULL = YES;
				CLANG_ANALYZER_NUMBER_OBJECT_CONVERSION = YES_AGGRESSIVE;
				CLANG_CXX_LANGUAGE_STANDARD = "gnu++17";
				CLANG_ENABLE_MODULES = YES;
				CLANG_ENABLE_OBJC_ARC = YES;
				CLANG_ENABLE_OBJC_WEAK = YES;
				CLANG_WARN_BLOCK_CAPTURE_AUTORELEASING = YES;
				CLANG_WARN_BOOL_CONVERSION = YES;
				CLANG_WARN_COMMA = YES;
				CLANG_WARN_CONSTANT_CONVERSION = YES;
				CLANG_WARN_DEPRECATED_OBJC_IMPLEMENTATIONS = YES;
				CLANG_WARN_DIRECT_OBJC_ISA_USAGE = YES_ERROR;
				CLANG_WARN_DOCUMENTATION_COMMENTS = YES;
				CLANG_WARN_EMPTY_BODY = YES;
				CLANG_WARN_ENUM_CONVERSION = YES;
				CLANG_WARN_INFINITE_RECURSION = YES;
				CLANG_WARN_INT_CONVERSION = YES;
				CLANG_WARN_NON_LITERAL_NULL_CONVERSION = YES;
				CLANG_WARN_OBJC_IMPLICIT_RETAIN_SELF = YES;
				CLANG_WARN_OBJC_LITERAL_CONVERSION = YES;
				CLANG_WARN_OBJC_ROOT_CLASS = YES_ERROR;
				CLANG_WARN_QUOTED_INCLUDE_IN_FRAMEWORK_HEADER = YES;
				CLANG_WARN_RANGE_LOOP_ANALYSIS = YES;
				CLANG_WARN_STRICT_PROTOTYPES = YES;
				CLANG_WARN_SUSPICIOUS_MOVE = YES;
				CLANG_WARN_UNGUARDED_AVAILABILITY = YES_AGGRESSIVE;
				CLANG_WARN_UNREACHABLE_CODE = YES;
				CLANG_WARN__DUPLICATE_METHOD_MATCH = YES;
				COPY_PHASE_STRIP = NO;
				DEBUG_INFORMATION_FORMAT = dwarf;
				ENABLE_STRICT_OBJC_MSGSEND = YES;
				ENABLE_TESTABILITY = YES;
				GCC_C_LANGUAGE_STANDARD = gnu11;
				GCC_DYNAMIC_NO_PIC = NO;
				GCC_NO_COMMON_BLOCKS = YES;
				GCC_OPTIMIZATION_LEVEL = 0;
				GCC_PREPROCESSOR_DEFINITIONS = (
					"DEBUG=1",
					"$(inherited)",
				);
				GCC_WARN_64_TO_32_BIT_CONVERSION = YES;
				GCC_WARN_ABOUT_RETURN_TYPE = YES_ERROR;
				GCC_WARN_UNDECLARED_SELECTOR = YES;
				GCC_WARN_UNINITIALIZED_AUTOS = YES_AGGRESSIVE;
				GCC_WARN_UNUSED_FUNCTION = YES;
				GCC_WARN_UNUSED_VARIABLE = YES;
				MTL_ENABLE_DEBUG_INFO = INCLUDE_SOURCE;
				MTL_FAST_MATH = YES;
				ONLY_ACTIVE_ARCH = YES;
				SWIFT_ACTIVE_COMPILATION_CONDITIONS = DEBUG;
				SWIFT_OPTIMIZATION_LEVEL = "-Onone";
			};
			name = Debug;
		};
		8B5F71FC27EDEABE0094D3CA /* Release */ = {
			isa = XCBuildConfiguration;
			buildSettings = {
				ALWAYS_SEARCH_USER_PATHS = NO;
				CLANG_ANALYZER_NONNULL = YES;
				CLANG_ANALYZER_NUMBER_OBJECT_CONVERSION = YES_AGGRESSIVE;
				CLANG_CXX_LANGUAGE_STANDARD = "gnu++17";
				CLANG_ENABLE_MODULES = YES;
				CLANG_ENABLE_OBJC_ARC = YES;
				CLANG_ENABLE_OBJC_WEAK = YES;
				CLANG_WARN_BLOCK_CAPTURE_AUTORELEASING = YES;
				CLANG_WARN_BOOL_CONVERSION = YES;
				CLANG_WARN_COMMA = YES;
				CLANG_WARN_CONSTANT_CONVERSION = YES;
				CLANG_WARN_DEPRECATED_OBJC_IMPLEMENTATIONS = YES;
				CLANG_WARN_DIRECT_OBJC_ISA_USAGE = YES_ERROR;
				CLANG_WARN_DOCUMENTATION_COMMENTS = YES;
				CLANG_WARN_EMPTY_BODY = YES;
				CLANG_WARN_ENUM_CONVERSION = YES;
				CLANG_WARN_INFINITE_RECURSION = YES;
				CLANG_WARN_INT_CONVERSION = YES;
				CLANG_WARN_NON_LITERAL_NULL_CONVERSION = YES;
				CLANG_WARN_OBJC_IMPLICIT_RETAIN_SELF = YES;
				CLANG_WARN_OBJC_LITERAL_CONVERSION = YES;
				CLANG_WARN_OBJC_ROOT_CLASS = YES_ERROR;
				CLANG_WARN_QUOTED_INCLUDE_IN_FRAMEWORK_HEADER = YES;
				CLANG_WARN_RANGE_LOOP_ANALYSIS = YES;
				CLANG_WARN_STRICT_PROTOTYPES = YES;
				CLANG_WARN_SUSPICIOUS_MOVE = YES;
				CLANG_WARN_UNGUARDED_AVAILABILITY = YES_AGGRESSIVE;
				CLANG_WARN_UNREACHABLE_CODE = YES;
				CLANG_WARN__DUPLICATE_METHOD_MATCH = YES;
				COPY_PHASE_STRIP = NO;
				DEBUG_INFORMATION_FORMAT = "dwarf-with-dsym";
				ENABLE_NS_ASSERTIONS = NO;
				ENABLE_STRICT_OBJC_MSGSEND = YES;
				GCC_C_LANGUAGE_STANDARD = gnu11;
				GCC_NO_COMMON_BLOCKS = YES;
				GCC_WARN_64_TO_32_BIT_CONVERSION = YES;
				GCC_WARN_ABOUT_RETURN_TYPE = YES_ERROR;
				GCC_WARN_UNDECLARED_SELECTOR = YES;
				GCC_WARN_UNINITIALIZED_AUTOS = YES_AGGRESSIVE;
				GCC_WARN_UNUSED_FUNCTION = YES;
				GCC_WARN_UNUSED_VARIABLE = YES;
				MTL_ENABLE_DEBUG_INFO = NO;
				MTL_FAST_MATH = YES;
				SWIFT_COMPILATION_MODE = wholemodule;
				SWIFT_OPTIMIZATION_LEVEL = "-O";
			};
			name = Release;
		};
		8B5F71FE27EDEABE0094D3CA /* Debug */ = {
			isa = XCBuildConfiguration;
			buildSettings = {
				ASSETCATALOG_COMPILER_APPICON_NAME = AppIcon;
				ASSETCATALOG_COMPILER_GLOBAL_ACCENT_COLOR_NAME = AccentColor;
				CODE_SIGN_STYLE = Automatic;
				CURRENT_PROJECT_VERSION = 1;
				ENABLE_PREVIEWS = YES;
				GENERATE_INFOPLIST_FILE = YES;
				INFOPLIST_KEY_UIApplicationSceneManifest_Generation = YES;
				INFOPLIST_KEY_UIApplicationSupportsIndirectInputEvents = YES;
				INFOPLIST_KEY_UILaunchScreen_Generation = YES;
				INFOPLIST_KEY_UISupportedInterfaceOrientations_iPad = "UIInterfaceOrientationPortrait UIInterfaceOrientationPortraitUpsideDown UIInterfaceOrientationLandscapeLeft UIInterfaceOrientationLandscapeRight";
				INFOPLIST_KEY_UISupportedInterfaceOrientations_iPhone = "UIInterfaceOrientationPortrait UIInterfaceOrientationLandscapeLeft UIInterfaceOrientationLandscapeRight";
				IPHONEOS_DEPLOYMENT_TARGET = 15.4;
				LD_RUNPATH_SEARCH_PATHS = (
					"$(inherited)",
					"@executable_path/Frameworks",
				);
				MARKETING_VERSION = 1.0;
				PRODUCT_BUNDLE_IDENTIFIER = com.nabehide.landmarks.Landmarks;
				PRODUCT_NAME = Landmarks;
				SDKROOT = iphoneos;
				SWIFT_EMIT_LOC_STRINGS = YES;
				SWIFT_VERSION = 5.0;
				TARGETED_DEVICE_FAMILY = "1,2";
			};
			name = Debug;
		};
		8B5F71FF27EDEABE0094D3CA /* Release */ = {
			isa = XCBuildConfiguration;
			buildSettings = {
				ASSETCATALOG_COMPILER_APPICON_NAME = AppIcon;
				ASSETCATALOG_COMPILER_GLOBAL_ACCENT_COLOR_NAME = AccentColor;
				CODE_SIGN_STYLE = Automatic;
				CURRENT_PROJECT_VERSION = 1;
				ENABLE_PREVIEWS = YES;
				GENERATE_INFOPLIST_FILE = YES;
				INFOPLIST_KEY_UIApplicationSceneManifest_Generation = YES;
				INFOPLIST_KEY_UIApplicationSupportsIndirectInputEvents = YES;
				INFOPLIST_KEY_UILaunchScreen_Generation = YES;
				INFOPLIST_KEY_UISupportedInterfaceOrientations_iPad = "UIInterfaceOrientationPortrait UIInterfaceOrientationPortraitUpsideDown UIInterfaceOrientationLandscapeLeft UIInterfaceOrientationLandscapeRight";
				INFOPLIST_KEY_UISupportedInterfaceOrientations_iPhone = "UIInterfaceOrientationPortrait UIInterfaceOrientationLandscapeLeft UIInterfaceOrientationLandscapeRight";
				IPHONEOS_DEPLOYMENT_TARGET = 15.4;
				LD_RUNPATH_SEARCH_PATHS = (
					"$(inherited)",
					"@executable_path/Frameworks",
				);
				MARKETING_VERSION = 1.0;
				PRODUCT_BUNDLE_IDENTIFIER = com.nabehide.landmarks.Landmarks;
				PRODUCT_NAME = Landmarks;
				SDKROOT = iphoneos;
				SWIFT_EMIT_LOC_STRINGS = YES;
				SWIFT_VERSION = 5.0;
				TARGETED_DEVICE_FAMILY = "1,2";
				VALIDATE_PRODUCT = YES;
			};
			name = Release;
		};
		8B5F720127EDEABE0094D3CA /* Debug */ = {
			isa = XCBuildConfiguration;
			buildSettings = {
				ASSETCATALOG_COMPILER_APPICON_NAME = AppIcon;
				ASSETCATALOG_COMPILER_GLOBAL_ACCENT_COLOR_NAME = AccentColor;
				CODE_SIGN_ENTITLEMENTS = macOS/macOS.entitlements;
				CODE_SIGN_STYLE = Automatic;
				COMBINE_HIDPI_IMAGES = YES;
				CURRENT_PROJECT_VERSION = 1;
				ENABLE_PREVIEWS = YES;
				GENERATE_INFOPLIST_FILE = YES;
				INFOPLIST_KEY_NSHumanReadableCopyright = "";
				LD_RUNPATH_SEARCH_PATHS = (
					"$(inherited)",
					"@executable_path/../Frameworks",
				);
				MACOSX_DEPLOYMENT_TARGET = 12.2;
				MARKETING_VERSION = 1.0;
				PRODUCT_BUNDLE_IDENTIFIER = com.nabehide.landmarks.Landmarks;
				PRODUCT_NAME = Landmarks;
				SDKROOT = macosx;
				SWIFT_EMIT_LOC_STRINGS = YES;
				SWIFT_VERSION = 5.0;
			};
			name = Debug;
		};
		8B5F720227EDEABE0094D3CA /* Release */ = {
			isa = XCBuildConfiguration;
			buildSettings = {
				ASSETCATALOG_COMPILER_APPICON_NAME = AppIcon;
				ASSETCATALOG_COMPILER_GLOBAL_ACCENT_COLOR_NAME = AccentColor;
				CODE_SIGN_ENTITLEMENTS = macOS/macOS.entitlements;
				CODE_SIGN_STYLE = Automatic;
				COMBINE_HIDPI_IMAGES = YES;
				CURRENT_PROJECT_VERSION = 1;
				ENABLE_PREVIEWS = YES;
				GENERATE_INFOPLIST_FILE = YES;
				INFOPLIST_KEY_NSHumanReadableCopyright = "";
				LD_RUNPATH_SEARCH_PATHS = (
					"$(inherited)",
					"@executable_path/../Frameworks",
				);
				MACOSX_DEPLOYMENT_TARGET = 12.2;
				MARKETING_VERSION = 1.0;
				PRODUCT_BUNDLE_IDENTIFIER = com.nabehide.landmarks.Landmarks;
				PRODUCT_NAME = Landmarks;
				SDKROOT = macosx;
				SWIFT_EMIT_LOC_STRINGS = YES;
				SWIFT_VERSION = 5.0;
			};
			name = Release;
		};
		8B5F720427EDEABE0094D3CA /* Debug */ = {
			isa = XCBuildConfiguration;
			buildSettings = {
				ALWAYS_EMBED_SWIFT_STANDARD_LIBRARIES = YES;
				CODE_SIGN_STYLE = Automatic;
				CURRENT_PROJECT_VERSION = 1;
				GENERATE_INFOPLIST_FILE = YES;
				IPHONEOS_DEPLOYMENT_TARGET = 15.4;
				MARKETING_VERSION = 1.0;
				PRODUCT_BUNDLE_IDENTIFIER = "com.nabehide.landmarks.Tests-iOS";
				PRODUCT_NAME = "$(TARGET_NAME)";
				SDKROOT = iphoneos;
				SWIFT_EMIT_LOC_STRINGS = NO;
				SWIFT_VERSION = 5.0;
				TARGETED_DEVICE_FAMILY = "1,2";
				TEST_TARGET_NAME = "Landmarks (iOS)";
			};
			name = Debug;
		};
		8B5F720527EDEABE0094D3CA /* Release */ = {
			isa = XCBuildConfiguration;
			buildSettings = {
				ALWAYS_EMBED_SWIFT_STANDARD_LIBRARIES = YES;
				CODE_SIGN_STYLE = Automatic;
				CURRENT_PROJECT_VERSION = 1;
				GENERATE_INFOPLIST_FILE = YES;
				IPHONEOS_DEPLOYMENT_TARGET = 15.4;
				MARKETING_VERSION = 1.0;
				PRODUCT_BUNDLE_IDENTIFIER = "com.nabehide.landmarks.Tests-iOS";
				PRODUCT_NAME = "$(TARGET_NAME)";
				SDKROOT = iphoneos;
				SWIFT_EMIT_LOC_STRINGS = NO;
				SWIFT_VERSION = 5.0;
				TARGETED_DEVICE_FAMILY = "1,2";
				TEST_TARGET_NAME = "Landmarks (iOS)";
				VALIDATE_PRODUCT = YES;
			};
			name = Release;
		};
		8B5F720727EDEABE0094D3CA /* Debug */ = {
			isa = XCBuildConfiguration;
			buildSettings = {
				ALWAYS_EMBED_SWIFT_STANDARD_LIBRARIES = YES;
				CODE_SIGN_STYLE = Automatic;
				CURRENT_PROJECT_VERSION = 1;
				GENERATE_INFOPLIST_FILE = YES;
				MACOSX_DEPLOYMENT_TARGET = 12.2;
				MARKETING_VERSION = 1.0;
				PRODUCT_BUNDLE_IDENTIFIER = "com.nabehide.landmarks.Tests-macOS";
				PRODUCT_NAME = "$(TARGET_NAME)";
				SDKROOT = macosx;
				SWIFT_EMIT_LOC_STRINGS = NO;
				SWIFT_VERSION = 5.0;
				TEST_TARGET_NAME = "Landmarks (macOS)";
			};
			name = Debug;
		};
		8B5F720827EDEABE0094D3CA /* Release */ = {
			isa = XCBuildConfiguration;
			buildSettings = {
				ALWAYS_EMBED_SWIFT_STANDARD_LIBRARIES = YES;
				CODE_SIGN_STYLE = Automatic;
				CURRENT_PROJECT_VERSION = 1;
				GENERATE_INFOPLIST_FILE = YES;
				MACOSX_DEPLOYMENT_TARGET = 12.2;
				MARKETING_VERSION = 1.0;
				PRODUCT_BUNDLE_IDENTIFIER = "com.nabehide.landmarks.Tests-macOS";
				PRODUCT_NAME = "$(TARGET_NAME)";
				SDKROOT = macosx;
				SWIFT_EMIT_LOC_STRINGS = NO;
				SWIFT_VERSION = 5.0;
				TEST_TARGET_NAME = "Landmarks (macOS)";
			};
			name = Release;
		};
/* End XCBuildConfiguration section */

/* Begin XCConfigurationList section */
		8B5F71CB27EDEABC0094D3CA /* Build configuration list for PBXProject "Landmarks" */ = {
			isa = XCConfigurationList;
			buildConfigurations = (
				8B5F71FB27EDEABE0094D3CA /* Debug */,
				8B5F71FC27EDEABE0094D3CA /* Release */,
			);
			defaultConfigurationIsVisible = 0;
			defaultConfigurationName = Release;
		};
		8B5F71FD27EDEABE0094D3CA /* Build configuration list for PBXNativeTarget "Landmarks (iOS)" */ = {
			isa = XCConfigurationList;
			buildConfigurations = (
				8B5F71FE27EDEABE0094D3CA /* Debug */,
				8B5F71FF27EDEABE0094D3CA /* Release */,
			);
			defaultConfigurationIsVisible = 0;
			defaultConfigurationName = Release;
		};
		8B5F720027EDEABE0094D3CA /* Build configuration list for PBXNativeTarget "Landmarks (macOS)" */ = {
			isa = XCConfigurationList;
			buildConfigurations = (
				8B5F720127EDEABE0094D3CA /* Debug */,
				8B5F720227EDEABE0094D3CA /* Release */,
			);
			defaultConfigurationIsVisible = 0;
			defaultConfigurationName = Release;
		};
		8B5F720327EDEABE0094D3CA /* Build configuration list for PBXNativeTarget "Tests iOS" */ = {
			isa = XCConfigurationList;
			buildConfigurations = (
				8B5F720427EDEABE0094D3CA /* Debug */,
				8B5F720527EDEABE0094D3CA /* Release */,
			);
			defaultConfigurationIsVisible = 0;
			defaultConfigurationName = Release;
		};
		8B5F720627EDEABE0094D3CA /* Build configuration list for PBXNativeTarget "Tests macOS" */ = {
			isa = XCConfigurationList;
			buildConfigurations = (
				8B5F720727EDEABE0094D3CA /* Debug */,
				8B5F720827EDEABE0094D3CA /* Release */,
			);
			defaultConfigurationIsVisible = 0;
			defaultConfigurationName = Release;
		};
/* End XCConfigurationList section */
	};
	rootObject = 8B5F71C827EDEABC0094D3CA /* Project object */;
}
